// !$*UTF8*$!
{
	archiveVersion = 1;
	classes = {
	};
	objectVersion = 46;
	objects = {

/* Begin PBXBuildFile section */
		8C42E11043B755700184BDD4 /* Pods_bleosc.framework in Frameworks */ = {isa = PBXBuildFile; fileRef = B4042E3A4042D586F2B241D4 /* Pods_bleosc.framework */; };
		FF71C5331E58D5D200219283 /* main.m in Sources */ = {isa = PBXBuildFile; fileRef = FF71C5321E58D5D200219283 /* main.m */; };
		FF71C53B1E58D64500219283 /* CoreBluetooth.framework in Frameworks */ = {isa = PBXBuildFile; fileRef = FF71C53A1E58D64500219283 /* CoreBluetooth.framework */; };
		FF71C53E1E58D6C600219283 /* BLEConnector.m in Sources */ = {isa = PBXBuildFile; fileRef = FF71C53D1E58D6C600219283 /* BLEConnector.m */; };
		FFDF313F1E5A3A5F002CDAC7 /* bleoscProcess.m in Sources */ = {isa = PBXBuildFile; fileRef = FFDF313E1E5A3A5F002CDAC7 /* bleoscProcess.m */; };
/* End PBXBuildFile section */

/* Begin PBXCopyFilesBuildPhase section */
		FF71C52D1E58D5D200219283 /* CopyFiles */ = {
			isa = PBXCopyFilesBuildPhase;
			buildActionMask = 2147483647;
			dstPath = /usr/share/man/man1/;
			dstSubfolderSpec = 0;
			files = (
			);
			runOnlyForDeploymentPostprocessing = 1;
		};
/* End PBXCopyFilesBuildPhase section */

/* Begin PBXFileReference section */
		45D975DD1C8901079F6E368D /* Pods-bleosc.debug.xcconfig */ = {isa = PBXFileReference; includeInIndex = 1; lastKnownFileType = text.xcconfig; name = "Pods-bleosc.debug.xcconfig"; path = "Pods/Target Support Files/Pods-bleosc/Pods-bleosc.debug.xcconfig"; sourceTree = "<group>"; };
		A1CC667685AC95C092F79477 /* Pods-bleosc.release.xcconfig */ = {isa = PBXFileReference; includeInIndex = 1; lastKnownFileType = text.xcconfig; name = "Pods-bleosc.release.xcconfig"; path = "Pods/Target Support Files/Pods-bleosc/Pods-bleosc.release.xcconfig"; sourceTree = "<group>"; };
		B4042E3A4042D586F2B241D4 /* Pods_bleosc.framework */ = {isa = PBXFileReference; explicitFileType = wrapper.framework; includeInIndex = 0; path = Pods_bleosc.framework; sourceTree = BUILT_PRODUCTS_DIR; };
		FF71C52F1E58D5D200219283 /* bleosc */ = {isa = PBXFileReference; explicitFileType = "compiled.mach-o.executable"; includeInIndex = 0; path = bleosc; sourceTree = BUILT_PRODUCTS_DIR; };
		FF71C5321E58D5D200219283 /* main.m */ = {isa = PBXFileReference; lastKnownFileType = sourcecode.c.objc; path = main.m; sourceTree = "<group>"; };
		FF71C53A1E58D64500219283 /* CoreBluetooth.framework */ = {isa = PBXFileReference; lastKnownFileType = wrapper.framework; name = CoreBluetooth.framework; path = System/Library/Frameworks/CoreBluetooth.framework; sourceTree = SDKROOT; };
		FF71C53C1E58D6C600219283 /* BLEConnector.h */ = {isa = PBXFileReference; fileEncoding = 4; lastKnownFileType = sourcecode.c.h; path = BLEConnector.h; sourceTree = "<group>"; };
		FF71C53D1E58D6C600219283 /* BLEConnector.m */ = {isa = PBXFileReference; fileEncoding = 4; lastKnownFileType = sourcecode.c.objc; path = BLEConnector.m; sourceTree = "<group>"; };
		FFBEB3731E5A4E14001A3B3D /* CocoaAsyncSocket.framework */ = {isa = PBXFileReference; lastKnownFileType = wrapper.framework; name = CocoaAsyncSocket.framework; path = "../../../Library/Developer/Xcode/DerivedData/bleosc-grmbiwylzqxcmuaibnsykpbodwpg/Build/Products/Debug/CocoaAsyncSocket/CocoaAsyncSocket.framework"; sourceTree = "<group>"; };
		FFDF313D1E5A3A5F002CDAC7 /* bleoscProcess.h */ = {isa = PBXFileReference; fileEncoding = 4; lastKnownFileType = sourcecode.c.h; path = bleoscProcess.h; sourceTree = "<group>"; };
		FFDF313E1E5A3A5F002CDAC7 /* bleoscProcess.m */ = {isa = PBXFileReference; fileEncoding = 4; lastKnownFileType = sourcecode.c.objc; path = bleoscProcess.m; sourceTree = "<group>"; };
/* End PBXFileReference section */

/* Begin PBXFrameworksBuildPhase section */
		FF71C52C1E58D5D200219283 /* Frameworks */ = {
			isa = PBXFrameworksBuildPhase;
			buildActionMask = 2147483647;
			files = (
				FF71C53B1E58D64500219283 /* CoreBluetooth.framework in Frameworks */,
				8C42E11043B755700184BDD4 /* Pods_bleosc.framework in Frameworks */,
			);
			runOnlyForDeploymentPostprocessing = 0;
		};
/* End PBXFrameworksBuildPhase section */

/* Begin PBXGroup section */
		A85FC3F306FFC3F5C1735D6B /* Pods */ = {
			isa = PBXGroup;
			children = (
				45D975DD1C8901079F6E368D /* Pods-bleosc.debug.xcconfig */,
				A1CC667685AC95C092F79477 /* Pods-bleosc.release.xcconfig */,
			);
			name = Pods;
			sourceTree = "<group>";
		};
		FF71C5261E58D5D200219283 = {
			isa = PBXGroup;
			children = (
				FF71C5311E58D5D200219283 /* bleosc */,
				FF71C5301E58D5D200219283 /* Products */,
				FF71C5391E58D64500219283 /* Frameworks */,
				A85FC3F306FFC3F5C1735D6B /* Pods */,
			);
			sourceTree = "<group>";
		};
		FF71C5301E58D5D200219283 /* Products */ = {
			isa = PBXGroup;
			children = (
				FF71C52F1E58D5D200219283 /* bleosc */,
			);
			name = Products;
			sourceTree = "<group>";
		};
		FF71C5311E58D5D200219283 /* bleosc */ = {
			isa = PBXGroup;
			children = (
				FF71C5321E58D5D200219283 /* main.m */,
				FF71C53C1E58D6C600219283 /* BLEConnector.h */,
				FF71C53D1E58D6C600219283 /* BLEConnector.m */,
				FFDF313D1E5A3A5F002CDAC7 /* bleoscProcess.h */,
				FFDF313E1E5A3A5F002CDAC7 /* bleoscProcess.m */,
			);
			path = bleosc;
			sourceTree = "<group>";
		};
		FF71C5391E58D64500219283 /* Frameworks */ = {
			isa = PBXGroup;
			children = (
				FFBEB3731E5A4E14001A3B3D /* CocoaAsyncSocket.framework */,
				FF71C53A1E58D64500219283 /* CoreBluetooth.framework */,
				B4042E3A4042D586F2B241D4 /* Pods_bleosc.framework */,
			);
			name = Frameworks;
			sourceTree = "<group>";
		};
/* End PBXGroup section */

/* Begin PBXNativeTarget section */
		FF71C52E1E58D5D200219283 /* bleosc */ = {
			isa = PBXNativeTarget;
			buildConfigurationList = FF71C5361E58D5D200219283 /* Build configuration list for PBXNativeTarget "bleosc" */;
			buildPhases = (
				DD1C0004AFEE434C0568B0B6 /* [CP] Check Pods Manifest.lock */,
				FF71C52B1E58D5D200219283 /* Sources */,
				FF71C52C1E58D5D200219283 /* Frameworks */,
				FF71C52D1E58D5D200219283 /* CopyFiles */,
				58F500B18F7D64FA33DF0AE3 /* [CP] Copy Pods Resources */,
			);
			buildRules = (
			);
			dependencies = (
			);
			name = bleosc;
			productName = bleosc;
			productReference = FF71C52F1E58D5D200219283 /* bleosc */;
			productType = "com.apple.product-type.tool";
		};
/* End PBXNativeTarget section */

/* Begin PBXProject section */
		FF71C5271E58D5D200219283 /* Project object */ = {
			isa = PBXProject;
			attributes = {
				LastUpgradeCheck = 0820;
				ORGANIZATIONNAME = "Kyle Stewart";
				TargetAttributes = {
					FF71C52E1E58D5D200219283 = {
						CreatedOnToolsVersion = 8.2.1;
						ProvisioningStyle = Automatic;
					};
				};
			};
			buildConfigurationList = FF71C52A1E58D5D200219283 /* Build configuration list for PBXProject "bleosc" */;
			compatibilityVersion = "Xcode 3.2";
			developmentRegion = English;
			hasScannedForEncodings = 0;
			knownRegions = (
				en,
			);
			mainGroup = FF71C5261E58D5D200219283;
			productRefGroup = FF71C5301E58D5D200219283 /* Products */;
			projectDirPath = "";
			projectRoot = "";
			targets = (
				FF71C52E1E58D5D200219283 /* bleosc */,
			);
		};
/* End PBXProject section */

/* Begin PBXShellScriptBuildPhase section */
		58F500B18F7D64FA33DF0AE3 /* [CP] Copy Pods Resources */ = {
			isa = PBXShellScriptBuildPhase;
			buildActionMask = 2147483647;
			files = (
			);
			inputPaths = (
			);
			name = "[CP] Copy Pods Resources";
			outputPaths = (
			);
			runOnlyForDeploymentPostprocessing = 0;
			shellPath = /bin/sh;
			shellScript = "\"${SRCROOT}/Pods/Target Support Files/Pods-bleosc/Pods-bleosc-resources.sh\"\n";
			showEnvVarsInLog = 0;
		};
		DD1C0004AFEE434C0568B0B6 /* [CP] Check Pods Manifest.lock */ = {
			isa = PBXShellScriptBuildPhase;
			buildActionMask = 2147483647;
			files = (
			);
			inputPaths = (
			);
			name = "[CP] Check Pods Manifest.lock";
			outputPaths = (
			);
			runOnlyForDeploymentPostprocessing = 0;
			shellPath = /bin/sh;
			shellScript = "diff \"${PODS_ROOT}/../Podfile.lock\" \"${PODS_ROOT}/Manifest.lock\" > /dev/null\nif [ $? != 0 ] ; then\n    # print error to STDERR\n    echo \"error: The sandbox is not in sync with the Podfile.lock. Run 'pod install' or update your CocoaPods installation.\" >&2\n    exit 1\nfi\n";
			showEnvVarsInLog = 0;
		};
/* End PBXShellScriptBuildPhase section */

/* Begin PBXSourcesBuildPhase section */
		FF71C52B1E58D5D200219283 /* Sources */ = {
			isa = PBXSourcesBuildPhase;
			buildActionMask = 2147483647;
			files = (
				FF71C5331E58D5D200219283 /* main.m in Sources */,
				FF71C53E1E58D6C600219283 /* BLEConnector.m in Sources */,
				FFDF313F1E5A3A5F002CDAC7 /* bleoscProcess.m in Sources */,
			);
			runOnlyForDeploymentPostprocessing = 0;
		};
/* End PBXSourcesBuildPhase section */

/* Begin XCBuildConfiguration section */
		FF71C5341E58D5D200219283 /* Debug */ = {
			isa = XCBuildConfiguration;
			buildSettings = {
				ALWAYS_SEARCH_USER_PATHS = NO;
				CLANG_ANALYZER_NONNULL = YES;
				CLANG_CXX_LANGUAGE_STANDARD = "gnu++0x";
				CLANG_CXX_LIBRARY = "libc++";
				CLANG_ENABLE_MODULES = YES;
				CLANG_ENABLE_OBJC_ARC = YES;
				CLANG_WARN_BOOL_CONVERSION = YES;
				CLANG_WARN_CONSTANT_CONVERSION = YES;
				CLANG_WARN_DIRECT_OBJC_ISA_USAGE = YES_ERROR;
				CLANG_WARN_DOCUMENTATION_COMMENTS = YES;
				CLANG_WARN_EMPTY_BODY = YES;
				CLANG_WARN_ENUM_CONVERSION = YES;
				CLANG_WARN_INFINITE_RECURSION = YES;
				CLANG_WARN_INT_CONVERSION = YES;
				CLANG_WARN_OBJC_ROOT_CLASS = YES_ERROR;
				CLANG_WARN_SUSPICIOUS_MOVE = YES;
				CLANG_WARN_UNREACHABLE_CODE = YES;
				CLANG_WARN__DUPLICATE_METHOD_MATCH = YES;
				CODE_SIGN_IDENTITY = "-";
				COPY_PHASE_STRIP = NO;
				DEBUG_INFORMATION_FORMAT = dwarf;
				ENABLE_STRICT_OBJC_MSGSEND = YES;
				ENABLE_TESTABILITY = YES;
				GCC_C_LANGUAGE_STANDARD = gnu99;
				GCC_DYNAMIC_NO_PIC = NO;
				GCC_NO_COMMON_BLOCKS = YES;
				GCC_OPTIMIZATION_LEVEL = 0;
				GCC_PREPROCESSOR_DEFINITIONS = (
					"DEBUG=1",
					"$(inherited)",
				);
				GCC_WARN_64_TO_32_BIT_CONVERSION = YES;
				GCC_WARN_ABOUT_RETURN_TYPE = YES_ERROR;
				GCC_WARN_UNDECLARED_SELECTOR = YES;
				GCC_WARN_UNINITIALIZED_AUTOS = YES_AGGRESSIVE;
				GCC_WARN_UNUSED_FUNCTION = YES;
				GCC_WARN_UNUSED_VARIABLE = YES;
				MACOSX_DEPLOYMENT_TARGET = 10.12;
				MTL_ENABLE_DEBUG_INFO = YES;
				ONLY_ACTIVE_ARCH = YES;
				SDKROOT = macosx;
			};
			name = Debug;
		};
		FF71C5351E58D5D200219283 /* Release */ = {
			isa = XCBuildConfiguration;
			buildSettings = {
				ALWAYS_SEARCH_USER_PATHS = NO;
				CLANG_ANALYZER_NONNULL = YES;
				CLANG_CXX_LANGUAGE_STANDARD = "gnu++0x";
				CLANG_CXX_LIBRARY = "libc++";
				CLANG_ENABLE_MODULES = YES;
				CLANG_ENABLE_OBJC_ARC = YES;
				CLANG_WARN_BOOL_CONVERSION = YES;
				CLANG_WARN_CONSTANT_CONVERSION = YES;
				CLANG_WARN_DIRECT_OBJC_ISA_USAGE = YES_ERROR;
				CLANG_WARN_DOCUMENTATION_COMMENTS = YES;
				CLANG_WARN_EMPTY_BODY = YES;
				CLANG_WARN_ENUM_CONVERSION = YES;
				CLANG_WARN_INFINITE_RECURSION = YES;
				CLANG_WARN_INT_CONVERSION = YES;
				CLANG_WARN_OBJC_ROOT_CLASS = YES_ERROR;
				CLANG_WARN_SUSPICIOUS_MOVE = YES;
				CLANG_WARN_UNREACHABLE_CODE = YES;
				CLANG_WARN__DUPLICATE_METHOD_MATCH = YES;
				CODE_SIGN_IDENTITY = "-";
				COPY_PHASE_STRIP = NO;
				DEBUG_INFORMATION_FORMAT = "dwarf-with-dsym";
				ENABLE_NS_ASSERTIONS = NO;
				ENABLE_STRICT_OBJC_MSGSEND = YES;
				GCC_C_LANGUAGE_STANDARD = gnu99;
				GCC_NO_COMMON_BLOCKS = YES;
				GCC_WARN_64_TO_32_BIT_CONVERSION = YES;
				GCC_WARN_ABOUT_RETURN_TYPE = YES_ERROR;
				GCC_WARN_UNDECLARED_SELECTOR = YES;
				GCC_WARN_UNINITIALIZED_AUTOS = YES_AGGRESSIVE;
				GCC_WARN_UNUSED_FUNCTION = YES;
				GCC_WARN_UNUSED_VARIABLE = YES;
				MACOSX_DEPLOYMENT_TARGET = 10.12;
				MTL_ENABLE_DEBUG_INFO = NO;
				SDKROOT = macosx;
			};
			name = Release;
		};
		FF71C5371E58D5D200219283 /* Debug */ = {
			isa = XCBuildConfiguration;
			baseConfigurationReference = 45D975DD1C8901079F6E368D /* Pods-bleosc.debug.xcconfig */;
			buildSettings = {
				PRODUCT_NAME = "$(TARGET_NAME)";
			};
			name = Debug;
		};
		FF71C5381E58D5D200219283 /* Release */ = {
			isa = XCBuildConfiguration;
			baseConfigurationReference = A1CC667685AC95C092F79477 /* Pods-bleosc.release.xcconfig */;
			buildSettings = {
				PRODUCT_NAME = "$(TARGET_NAME)";
			};
			name = Release;
		};
/* End XCBuildConfiguration section */

/* Begin XCConfigurationList section */
		FF71C52A1E58D5D200219283 /* Build configuration list for PBXProject "bleosc" */ = {
			isa = XCConfigurationList;
			buildConfigurations = (
				FF71C5341E58D5D200219283 /* Debug */,
				FF71C5351E58D5D200219283 /* Release */,
			);
			defaultConfigurationIsVisible = 0;
			defaultConfigurationName = Release;
		};
		FF71C5361E58D5D200219283 /* Build configuration list for PBXNativeTarget "bleosc" */ = {
			isa = XCConfigurationList;
			buildConfigurations = (
				FF71C5371E58D5D200219283 /* Debug */,
				FF71C5381E58D5D200219283 /* Release */,
			);
			defaultConfigurationIsVisible = 0;
			defaultConfigurationName = Release;
		};
/* End XCConfigurationList section */
	};
	rootObject = FF71C5271E58D5D200219283 /* Project object */;
}
